
Microsoft Visual Studio Solution File, Format Version 12.00
# Visual Studio 2013
VisualStudioVersion = 12.0.30501.0
MinimumVisualStudioVersion = 10.0.40219.1
Project("{FAE04EC0-301F-11D3-BF4B-00C04F79EFBC}") = "Conz.Core", "Conz.Core\Conz.Core.csproj", "{A0494F3F-D367-433E-ACE6-A61B2D1D773B}"
EndProject
Project("{2150E333-8FDC-42A3-9474-1A3956D46DE8}") = "Conz.Properties", "Conz.Properties", "{AEEB391D-39E2-42B5-97BE-C6D8504834E6}"
	ProjectSection(SolutionItems) = preProject
		Conz.Properties\AssemblyInfo.cs = Conz.Properties\AssemblyInfo.cs
	EndProjectSection
EndProject
Project("{2150E333-8FDC-42A3-9474-1A3956D46DE8}") = "Conz.Nuget.Packages", "Conz.Nuget.Packages", "{3663682F-48A4-4DD0-A706-84F117A515A7}"
EndProject
Project("{2150E333-8FDC-42A3-9474-1A3956D46DE8}") = "common", "common", "{DDB725E3-84B9-4E5B-97F7-EA0CA23C2573}"
	ProjectSection(SolutionItems) = preProject
		Conz.Nuget.Packages\common\packages.config = Conz.Nuget.Packages\common\packages.config
	EndProjectSection
EndProject
Project("{2150E333-8FDC-42A3-9474-1A3956D46DE8}") = "net-4.5", "net-4.5", "{3E59659A-FC2B-4BD8-9B1C-83AAA78DA358}"
	ProjectSection(SolutionItems) = preProject
		Conz.Nuget.Packages\net-4.5\packages.config = Conz.Nuget.Packages\net-4.5\packages.config
	EndProjectSection
EndProject
Project("{2150E333-8FDC-42A3-9474-1A3956D46DE8}") = "Conz.Nuget.Specs", "Conz.Nuget.Specs", "{AD8FCE09-DFFB-4902-AA0E-F12807420CBC}"
	ProjectSection(SolutionItems) = preProject
		Conz.Nuget.Specs\Conz.Core.dll.nuspec = Conz.Nuget.Specs\Conz.Core.dll.nuspec
	EndProjectSection
EndProject
Project("{2150E333-8FDC-42A3-9474-1A3956D46DE8}") = "Conz.Minion", "Conz.Minion", "{C003173B-713C-4319-B19F-5132DDDA37D0}"
	ProjectSection(SolutionItems) = preProject
		Conz.Minion\minion.csx = Conz.Minion\minion.csx
	EndProjectSection
EndProject
Project("{2150E333-8FDC-42A3-9474-1A3956D46DE8}") = "Conz.Build", "Conz.Build", "{5D7ECF1B-FEDE-4FD4-9060-C5F1052F3027}"
	ProjectSection(SolutionItems) = preProject
		Conz.Build\Conz.proj = Conz.Build\Conz.proj
		Conz.Build\Conz.props = Conz.Build\Conz.props
		Conz.Build\Conz.targets = Conz.Build\Conz.targets
	EndProjectSection
EndProject
Project("{2150E333-8FDC-42A3-9474-1A3956D46DE8}") = "Conz.Core", "Conz.Core", "{78888EA0-8969-4219-A834-CBE73CC4618B}"
	ProjectSection(SolutionItems) = preProject
		Conz.Build\Conz.Core\Conz.Core.proj = Conz.Build\Conz.Core\Conz.Core.proj
	EndProjectSection
EndProject
Project("{FAE04EC0-301F-11D3-BF4B-00C04F79EFBC}") = "Conz.UnitTests", "Conz.UnitTests\Conz.UnitTests.csproj", "{A921F08E-EBD6-4F77-90D8-16F9A8414EAB}"
EndProject
Project("{2150E333-8FDC-42A3-9474-1A3956D46DE8}") = "Conz.UnitTests", "Conz.UnitTests", "{718DFD54-9180-4535-A8C6-F239A9775960}"
	ProjectSection(SolutionItems) = preProject
		Conz.Build\Conz.UnitTests\Conz.UnitTests.proj = Conz.Build\Conz.UnitTests\Conz.UnitTests.proj
	EndProjectSection
EndProject
Project("{FAE04EC0-301F-11D3-BF4B-00C04F79EFBC}") = "Conz.Samples", "Conz.Samples\Conz.Samples.csproj", "{617F1B21-4690-4D73-8CF7-BC9744B129FF}"
EndProject
Global
	GlobalSection(SolutionConfigurationPlatforms) = preSolution
		Debug|Any CPU = Debug|Any CPU
		Release|Any CPU = Release|Any CPU
	EndGlobalSection
	GlobalSection(ProjectConfigurationPlatforms) = postSolution
		{A0494F3F-D367-433E-ACE6-A61B2D1D773B}.Debug|Any CPU.ActiveCfg = Debug|Any CPU
		{A0494F3F-D367-433E-ACE6-A61B2D1D773B}.Debug|Any CPU.Build.0 = Debug|Any CPU
		{A0494F3F-D367-433E-ACE6-A61B2D1D773B}.Release|Any CPU.ActiveCfg = Release|Any CPU
		{A0494F3F-D367-433E-ACE6-A61B2D1D773B}.Release|Any CPU.Build.0 = Release|Any CPU
		{A921F08E-EBD6-4F77-90D8-16F9A8414EAB}.Debug|Any CPU.ActiveCfg = Debug|Any CPU
		{A921F08E-EBD6-4F77-90D8-16F9A8414EAB}.Debug|Any CPU.Build.0 = Debug|Any CPU
		{A921F08E-EBD6-4F77-90D8-16F9A8414EAB}.Release|Any CPU.ActiveCfg = Release|Any CPU
		{A921F08E-EBD6-4F77-90D8-16F9A8414EAB}.Release|Any CPU.Build.0 = Release|Any CPU
		{617F1B21-4690-4D73-8CF7-BC9744B129FF}.Debug|Any CPU.ActiveCfg = Debug|Any CPU
		{617F1B21-4690-4D73-8CF7-BC9744B129FF}.Debug|Any CPU.Build.0 = Debug|Any CPU
		{617F1B21-4690-4D73-8CF7-BC9744B129FF}.Release|Any CPU.ActiveCfg = Release|Any CPU
		{617F1B21-4690-4D73-8CF7-BC9744B129FF}.Release|Any CPU.Build.0 = Release|Any CPU
	EndGlobalSection
	GlobalSection(SolutionProperties) = preSolution
		HideSolutionNode = FALSE
	EndGlobalSection
	GlobalSection(NestedProjects) = preSolution
		{DDB725E3-84B9-4E5B-97F7-EA0CA23C2573} = {3663682F-48A4-4DD0-A706-84F117A515A7}
		{3E59659A-FC2B-4BD8-9B1C-83AAA78DA358} = {3663682F-48A4-4DD0-A706-84F117A515A7}
		{78888EA0-8969-4219-A834-CBE73CC4618B} = {5D7ECF1B-FEDE-4FD4-9060-C5F1052F3027}
		{718DFD54-9180-4535-A8C6-F239A9775960} = {5D7ECF1B-FEDE-4FD4-9060-C5F1052F3027}
	EndGlobalSection
EndGlobal
